
Microsoft Visual Studio Solution File, Format Version 12.00
Project("{FAE04EC0-301F-11D3-BF4B-00C04F79EFBC}") = "Application", "Application\Application.csproj", "{C5AEC4C7-C095-43CE-8351-F90BE0782103}"
	ProjectSection(ProjectDependencies) = postProject
		{53441F97-8639-468F-B463-27E6866659E9} = {53441F97-8639-468F-B463-27E6866659E9}
	EndProjectSection
EndProject
Project("{2150E333-8FDC-42A3-9474-1A3956D46DE8}") = "Application", "Application", "{B4C20BCA-5677-4264-A73D-86DD436E42DE}"
EndProject
Project("{2150E333-8FDC-42A3-9474-1A3956D46DE8}") = "Domain", "Domain", "{4377B523-E307-458C-B094-DF7829571A13}"
EndProject
Project("{FAE04EC0-301F-11D3-BF4B-00C04F79EFBC}") = "Domain", "Domain\Domain.csproj", "{53441F97-8639-468F-B463-27E6866659E9}"
EndProject
Project("{FAE04EC0-301F-11D3-BF4B-00C04F79EFBC}") = "Infrastructure", "Infrastructure\Infrastructure.csproj", "{505410E4-7826-4179-9FDC-63420A9B2F41}"
	ProjectSection(ProjectDependencies) = postProject
		{53441F97-8639-468F-B463-27E6866659E9} = {53441F97-8639-468F-B463-27E6866659E9}
	EndProjectSection
EndProject
Project("{2150E333-8FDC-42A3-9474-1A3956D46DE8}") = "Infrastructure", "Infrastructure", "{4158B795-9851-48F9-846F-1E3A36330C1C}"
EndProject
Project("{FAE04EC0-301F-11D3-BF4B-00C04F79EFBC}") = "ProductManagement", "ProductManagement\ProductManagement.csproj", "{AAF5963C-8235-4D92-AAD2-26B15F858A37}"
	ProjectSection(ProjectDependencies) = postProject
		{505410E4-7826-4179-9FDC-63420A9B2F41} = {505410E4-7826-4179-9FDC-63420A9B2F41}
		{53441F97-8639-468F-B463-27E6866659E9} = {53441F97-8639-468F-B463-27E6866659E9}
		{C5AEC4C7-C095-43CE-8351-F90BE0782103} = {C5AEC4C7-C095-43CE-8351-F90BE0782103}
	EndProjectSection
EndProject
Project("{2150E333-8FDC-42A3-9474-1A3956D46DE8}") = "WebAPI", "WebAPI", "{063C1809-B7CF-448A-8FBE-86CBEA8FCA6E}"
EndProject
Project("{2150E333-8FDC-42A3-9474-1A3956D46DE8}") = "src", "src", "{4667B2D8-5875-4FF3-ABFF-9B1252252921}"
EndProject
Project("{2150E333-8FDC-42A3-9474-1A3956D46DE8}") = "tests", "tests", "{B830A30A-C3F3-462A-AFC2-08ECC1EADC39}"
EndProject
Project("{2150E333-8FDC-42A3-9474-1A3956D46DE8}") = "Unit Tests", "Unit Tests", "{FEF7DE5D-6158-41A7-AC1E-37A6464DF675}"
EndProject
Project("{2150E333-8FDC-42A3-9474-1A3956D46DE8}") = "Integration Tests", "Integration Tests", "{9A5355FA-6540-4961-B75F-AA91D3FAE3A2}"
EndProject
Project("{FAE04EC0-301F-11D3-BF4B-00C04F79EFBC}") = "ProductManagement.Application.UnitTests", "ProductManagement.Application.UnitTests\ProductManagement.Application.UnitTests.csproj", "{E9D1DBE4-C445-41B7-8CEF-90D8AEA1A9F8}"
EndProject
Project("{FAE04EC0-301F-11D3-BF4B-00C04F79EFBC}") = "ProductManagement.IntegrationTests", "ProductManagement.IntegrationTests\ProductManagement.IntegrationTests.csproj", "{538D7F1A-3218-45B1-BF0E-81F6C4B0B9E0}"
EndProject
Global
	GlobalSection(SolutionConfigurationPlatforms) = preSolution
		Debug|Any CPU = Debug|Any CPU
		Release|Any CPU = Release|Any CPU
	EndGlobalSection
	GlobalSection(ProjectConfigurationPlatforms) = postSolution
		{C5AEC4C7-C095-43CE-8351-F90BE0782103}.Debug|Any CPU.ActiveCfg = Debug|Any CPU
		{C5AEC4C7-C095-43CE-8351-F90BE0782103}.Debug|Any CPU.Build.0 = Debug|Any CPU
		{C5AEC4C7-C095-43CE-8351-F90BE0782103}.Release|Any CPU.ActiveCfg = Release|Any CPU
		{C5AEC4C7-C095-43CE-8351-F90BE0782103}.Release|Any CPU.Build.0 = Release|Any CPU
		{53441F97-8639-468F-B463-27E6866659E9}.Debug|Any CPU.ActiveCfg = Debug|Any CPU
		{53441F97-8639-468F-B463-27E6866659E9}.Debug|Any CPU.Build.0 = Debug|Any CPU
		{53441F97-8639-468F-B463-27E6866659E9}.Release|Any CPU.ActiveCfg = Release|Any CPU
		{53441F97-8639-468F-B463-27E6866659E9}.Release|Any CPU.Build.0 = Release|Any CPU
		{505410E4-7826-4179-9FDC-63420A9B2F41}.Debug|Any CPU.ActiveCfg = Debug|Any CPU
		{505410E4-7826-4179-9FDC-63420A9B2F41}.Debug|Any CPU.Build.0 = Debug|Any CPU
		{505410E4-7826-4179-9FDC-63420A9B2F41}.Release|Any CPU.ActiveCfg = Release|Any CPU
		{505410E4-7826-4179-9FDC-63420A9B2F41}.Release|Any CPU.Build.0 = Release|Any CPU
		{AAF5963C-8235-4D92-AAD2-26B15F858A37}.Debug|Any CPU.ActiveCfg = Debug|Any CPU
		{AAF5963C-8235-4D92-AAD2-26B15F858A37}.Debug|Any CPU.Build.0 = Debug|Any CPU
		{AAF5963C-8235-4D92-AAD2-26B15F858A37}.Release|Any CPU.ActiveCfg = Release|Any CPU
		{AAF5963C-8235-4D92-AAD2-26B15F858A37}.Release|Any CPU.Build.0 = Release|Any CPU
		{E9D1DBE4-C445-41B7-8CEF-90D8AEA1A9F8}.Debug|Any CPU.ActiveCfg = Debug|Any CPU
		{E9D1DBE4-C445-41B7-8CEF-90D8AEA1A9F8}.Debug|Any CPU.Build.0 = Debug|Any CPU
		{E9D1DBE4-C445-41B7-8CEF-90D8AEA1A9F8}.Release|Any CPU.ActiveCfg = Release|Any CPU
		{E9D1DBE4-C445-41B7-8CEF-90D8AEA1A9F8}.Release|Any CPU.Build.0 = Release|Any CPU
		{538D7F1A-3218-45B1-BF0E-81F6C4B0B9E0}.Debug|Any CPU.ActiveCfg = Debug|Any CPU
		{538D7F1A-3218-45B1-BF0E-81F6C4B0B9E0}.Debug|Any CPU.Build.0 = Debug|Any CPU
		{538D7F1A-3218-45B1-BF0E-81F6C4B0B9E0}.Release|Any CPU.ActiveCfg = Release|Any CPU
		{538D7F1A-3218-45B1-BF0E-81F6C4B0B9E0}.Release|Any CPU.Build.0 = Release|Any CPU
	EndGlobalSection
	GlobalSection(NestedProjects) = preSolution
		{C5AEC4C7-C095-43CE-8351-F90BE0782103} = {B4C20BCA-5677-4264-A73D-86DD436E42DE}
		{53441F97-8639-468F-B463-27E6866659E9} = {4377B523-E307-458C-B094-DF7829571A13}
		{505410E4-7826-4179-9FDC-63420A9B2F41} = {4158B795-9851-48F9-846F-1E3A36330C1C}
		{AAF5963C-8235-4D92-AAD2-26B15F858A37} = {063C1809-B7CF-448A-8FBE-86CBEA8FCA6E}
		{063C1809-B7CF-448A-8FBE-86CBEA8FCA6E} = {4667B2D8-5875-4FF3-ABFF-9B1252252921}
		{4158B795-9851-48F9-846F-1E3A36330C1C} = {4667B2D8-5875-4FF3-ABFF-9B1252252921}
		{4377B523-E307-458C-B094-DF7829571A13} = {4667B2D8-5875-4FF3-ABFF-9B1252252921}
		{B4C20BCA-5677-4264-A73D-86DD436E42DE} = {4667B2D8-5875-4FF3-ABFF-9B1252252921}
		{FEF7DE5D-6158-41A7-AC1E-37A6464DF675} = {B830A30A-C3F3-462A-AFC2-08ECC1EADC39}
		{9A5355FA-6540-4961-B75F-AA91D3FAE3A2} = {B830A30A-C3F3-462A-AFC2-08ECC1EADC39}
		{E9D1DBE4-C445-41B7-8CEF-90D8AEA1A9F8} = {FEF7DE5D-6158-41A7-AC1E-37A6464DF675}
		{538D7F1A-3218-45B1-BF0E-81F6C4B0B9E0} = {9A5355FA-6540-4961-B75F-AA91D3FAE3A2}
	EndGlobalSection
EndGlobal
